
Microsoft Visual Studio Solution File, Format Version 12.00
# Visual Studio Version 16
VisualStudioVersion = 16.0.31424.327
MinimumVisualStudioVersion = 10.0.40219.1
Project("{FAE04EC0-301F-11D3-BF4B-00C04F79EFBC}") = "Proj_Arrays_Genericos", "Proj_Arrays_Genericos.csproj", "{6FFBC0D7-A541-4B07-BD76-31F12F0F648B}"
EndProject
Global
	GlobalSection(SolutionConfigurationPlatforms) = preSolution
		Debug|Any CPU = Debug|Any CPU
		Release|Any CPU = Release|Any CPU
	EndGlobalSection
	GlobalSection(ProjectConfigurationPlatforms) = postSolution
		{6FFBC0D7-A541-4B07-BD76-31F12F0F648B}.Debug|Any CPU.ActiveCfg = Debug|Any CPU
		{6FFBC0D7-A541-4B07-BD76-31F12F0F648B}.Debug|Any CPU.Build.0 = Debug|Any CPU
		{6FFBC0D7-A541-4B07-BD76-31F12F0F648B}.Release|Any CPU.ActiveCfg = Release|Any CPU
		{6FFBC0D7-A541-4B07-BD76-31F12F0F648B}.Release|Any CPU.Build.0 = Release|Any CPU
	EndGlobalSection
	GlobalSection(SolutionProperties) = preSolution
		HideSolutionNode = FALSE
	EndGlobalSection
	GlobalSection(ExtensibilityGlobals) = postSolution
		SolutionGuid = {1F5BC703-0295-4550-ACEE-DD2D4EF5EB2E}
	EndGlobalSection
EndGlobal
